<?xml version="1.0" encoding="utf-8"?>
<Project ToolsVersion="4.0" xmlns="http://schemas.microsoft.com/developer/msbuild/2003">
  <ItemGroup>
    <Filter Include="Source Files">
      <UniqueIdentifier>{4FC737F1-C7A5-4376-A066-2A32D752A2FF}</UniqueIdentifier>
      <Extensions>cpp;c;cc;cxx;c++;cppm;ixx;def;odl;idl;hpj;bat;asm;asmx</Extensions>
    </Filter>
    <Filter Include="Header Files">
      <UniqueIdentifier>{93995380-89BD-4b04-88EB-625FBE52EBFB}</UniqueIdentifier>
      <Extensions>h;hh;hpp;hxx;h++;hm;inl;inc;ipp;xsd</Extensions>
    </Filter>
    <Filter Include="Resource Files">
      <UniqueIdentifier>{67DA6AB6-F800-4c08-8B7A-83BB121AAD01}</UniqueIdentifier>
      <Extensions>rc;ico;cur;bmp;dlg;rc2;rct;bin;rgs;gif;jpg;jpeg;jpe;resx;tiff;tif;png;wav;mfcribbon-ms</Extensions>
    </Filter>
    <Filter Include="Header Files\Objects">
      <UniqueIdentifier>{bd059453-8875-4e50-8651-8bdda19e503b}</UniqueIdentifier>
    </Filter>
    <Filter Include="Source Files\Objects">
      <UniqueIdentifier>{fca9c135-6b65-4b78-bfe7-f6fe3a251b68}</UniqueIdentifier>
    </Filter>
    <Filter Include="Header Files\Objects\Tiles">
      <UniqueIdentifier>{a548a601-248a-479b-b6f2-c2fbd0ae443c}</UniqueIdentifier>
    </Filter>
    <Filter Include="Source Files\Objects\Tiles">
      <UniqueIdentifier>{698c9789-0036-41c2-beaf-c32972db40d3}</UniqueIdentifier>
    </Filter>
    <Filter Include="Header Files\Objects\Machines">
      <UniqueIdentifier>{4a9d94d7-4c5c-408f-9c51-6f0427dfd580}</UniqueIdentifier>
    </Filter>
    <Filter Include="Source Files\Objects\Machines">
      <UniqueIdentifier>{5cff129a-1e28-48e1-9a0c-2fa5a5f06cdb}</UniqueIdentifier>
    </Filter>
  </ItemGroup>
  <ItemGroup>
    <ClCompile Include="main.cpp">
      <Filter>Source Files</Filter>
    </ClCompile>
    <ClCompile Include="FontHolder.cpp">
      <Filter>Source Files</Filter>
    </ClCompile>
    <ClCompile Include="Game.cpp">
      <Filter>Source Files</Filter>
    </ClCompile>
    <ClCompile Include="Exception.cpp">
      <Filter>Source Files</Filter>
    </ClCompile>
    <ClCompile Include="SpriteHolder.cpp">
      <Filter>Source Files</Filter>
    </ClCompile>
    <ClCompile Include="Map.cpp">
      <Filter>Source Files</Filter>
    </ClCompile>
    <ClCompile Include="Camera.cpp">
      <Filter>Source Files</Filter>
    </ClCompile>
    <ClCompile Include="Grass.cpp">
      <Filter>Source Files\Objects\Tiles</Filter>
    </ClCompile>
    <ClCompile Include="Tile.cpp">
      <Filter>Source Files\Objects</Filter>
    </ClCompile>
    <ClCompile Include="Object.cpp">
      <Filter>Source Files</Filter>
    </ClCompile>
    <ClCompile Include="Rock.cpp">
      <Filter>Source Files\Objects\Tiles</Filter>
    </ClCompile>
    <ClCompile Include="Player.cpp">
      <Filter>Source Files\Objects</Filter>
    </ClCompile>
    <ClCompile Include="IronOre.cpp">
      <Filter>Source Files\Objects</Filter>
    </ClCompile>
    <ClCompile Include="RecipeHolder.cpp">
      <Filter>Source Files</Filter>
    </ClCompile>
    <ClCompile Include="Recipe.cpp">
      <Filter>Source Files</Filter>
    </ClCompile>
    <ClCompile Include="IronIngot.cpp">
      <Filter>Source Files\Objects</Filter>
    </ClCompile>
    <ClCompile Include="Machine.cpp">
      <Filter>Source Files\Objects</Filter>
    </ClCompile>
    <ClCompile Include="Conveyor.cpp">
      <Filter>Source Files\Objects\Machines</Filter>
    </ClCompile>
  </ItemGroup>
  <ItemGroup>
    <ClInclude Include="Macros.h">
      <Filter>Header Files</Filter>
    </ClInclude>
    <ClInclude Include="Game.h">
      <Filter>Header Files</Filter>
    </ClInclude>
    <ClInclude Include="SpriteHolder.h">
      <Filter>Header Files</Filter>
    </ClInclude>
    <ClInclude Include="Map.h">
      <Filter>Header Files</Filter>
    </ClInclude>
    <ClInclude Include="FontHolder.h">
      <Filter>Header Files</Filter>
    </ClInclude>
    <ClInclude Include="Camera.h">
      <Filter>Header Files</Filter>
    </ClInclude>
    <ClInclude Include="Grass.h">
      <Filter>Header Files\Objects\Tiles</Filter>
    </ClInclude>
    <ClInclude Include="Object.h">
      <Filter>Header Files</Filter>
    </ClInclude>
    <ClInclude Include="Tile.h">
      <Filter>Header Files\Objects</Filter>
    </ClInclude>
    <ClInclude Include="Rock.h">
      <Filter>Header Files\Objects\Tiles</Filter>
    </ClInclude>
    <ClInclude Include="Player.h">
      <Filter>Header Files\Objects</Filter>
    </ClInclude>
    <ClInclude Include="RecipeHolder.h">
      <Filter>Header Files</Filter>
    </ClInclude>
    <ClInclude Include="Recipe.h">
      <Filter>Header Files</Filter>
    </ClInclude>
    <ClInclude Include="IronOre.h">
      <Filter>Header Files\Objects</Filter>
    </ClInclude>
    <ClInclude Include="IronIngot.h">
      <Filter>Header Files\Objects</Filter>
    </ClInclude>
    <ClInclude Include="Machine.h">
      <Filter>Header Files\Objects</Filter>
    </ClInclude>
    <ClInclude Include="Conveyor.h">
      <Filter>Header Files\Objects\Machines</Filter>
    </ClInclude>
  </ItemGroup>
</Project>